
Microsoft Visual Studio Solution File, Format Version 12.00
# Visual Studio 15
VisualStudioVersion = 15.0.28307.1738
MinimumVisualStudioVersion = 10.0.40219.1
Project("{FAE04EC0-301F-11D3-BF4B-00C04F79EFBC}") = "eSyaDoctorScheduler.DL", "eSyaDoctorScheduler.DL\eSyaDoctorScheduler.DL.csproj", "{4E4E949D-36F9-4B89-9F48-F6B67FFC8D9C}"
EndProject
Global
	GlobalSection(SolutionConfigurationPlatforms) = preSolution
		Debug|Any CPU = Debug|Any CPU
		Release|Any CPU = Release|Any CPU
	EndGlobalSection
	GlobalSection(ProjectConfigurationPlatforms) = postSolution
		{4E4E949D-36F9-4B89-9F48-F6B67FFC8D9C}.Debug|Any CPU.ActiveCfg = Debug|Any CPU
		{4E4E949D-36F9-4B89-9F48-F6B67FFC8D9C}.Debug|Any CPU.Build.0 = Debug|Any CPU
		{4E4E949D-36F9-4B89-9F48-F6B67FFC8D9C}.Release|Any CPU.ActiveCfg = Release|Any CPU
		{4E4E949D-36F9-4B89-9F48-F6B67FFC8D9C}.Release|Any CPU.Build.0 = Release|Any CPU
	EndGlobalSection
	GlobalSection(SolutionProperties) = preSolution
		HideSolutionNode = FALSE
	EndGlobalSection
	GlobalSection(ExtensibilityGlobals) = postSolution
		SolutionGuid = {8A075AF9-774C-4725-BBBD-60B3D6F841B5}
	EndGlobalSection
EndGlobal
